{
    "name": "p5frontend",
    "version": "0.1.0",
    "lockfileVersion": 1,
    "requires": true,
    "dependencies": {
      "@babel/code-frame": {
        "version": "7.14.5",
        "resolved": "https://registry.npmjs.org/@babel/code-frame/-/code-frame-7.14.5.tgz",
        "integrity": "sha512-9pzDqyc6OLDaqe+zbACgFkb6fKMNG6CObKpnYXChRsvYGyEdc7CA2BaqeOM+vOtCS5ndmJicPJhKAwYRI6UfFw==",
        "requires": {
          "@babel/highlight": "^7.14.5"
        }
      },
      "@babel/compat-data": {
        "version": "7.15.0",
        "resolved": "https://registry.npmjs.org/@babel/compat-data/-/compat-data-7.15.0.tgz",
        "integrity": "sha512-0NqAC1IJE0S0+lL1SWFMxMkz1pKCNCjI4tr2Zx4LJSXxCLAdr6KyArnY+sno5m3yH9g737ygOyPABDsnXkpxiA=="
      },
      "@babel/core": {
        "version": "7.12.3",
        "resolved": "https://registry.npmjs.org/@babel/core/-/core-7.12.3.tgz",
        "integrity": "sha512-0qXcZYKZp3/6N2jKYVxZv0aNCsxTSVCiK72DTiTYZAu7sjg73W0/aynWjMbiGd87EQL4WyA8reiJVh92AVla9g==",
        "requires": {
          "@babel/code-frame": "^7.10.4",
          "@babel/generator": "^7.12.1",
          "@babel/helper-module-transforms": "^7.12.1",
          "@babel/helpers": "^7.12.1",
          "@babel/parser": "^7.12.3",
          "@babel/template": "^7.10.4",